
Microsoft Visual Studio Solution File, Format Version 12.00
# Visual Studio Version 16
VisualStudioVersion = 16.0.29709.97
MinimumVisualStudioVersion = 10.0.40219.1
Project("{9A19103F-16F7-4668-BE54-9A1E7A4F7556}") = "ProjectT", "ProjectT.csproj", "{E1347800-4B0B-4F54-9BB6-CD4FC4F31963}"
EndProject
Global
	GlobalSection(SolutionConfigurationPlatforms) = preSolution
		Debug|Any CPU = Debug|Any CPU
		Release|Any CPU = Release|Any CPU
	EndGlobalSection
	GlobalSection(ProjectConfigurationPlatforms) = postSolution
		{E1347800-4B0B-4F54-9BB6-CD4FC4F31963}.Debug|Any CPU.ActiveCfg = Debug|Any CPU
		{E1347800-4B0B-4F54-9BB6-CD4FC4F31963}.Debug|Any CPU.Build.0 = Debug|Any CPU
		{E1347800-4B0B-4F54-9BB6-CD4FC4F31963}.Release|Any CPU.ActiveCfg = Release|Any CPU
		{E1347800-4B0B-4F54-9BB6-CD4FC4F31963}.Release|Any CPU.Build.0 = Release|Any CPU
	EndGlobalSection
	GlobalSection(SolutionProperties) = preSolution
		HideSolutionNode = FALSE
	EndGlobalSection
	GlobalSection(ExtensibilityGlobals) = postSolution
		SolutionGuid = {8453778D-D3EB-40EF-86A0-EC76DC82EEC3}
	EndGlobalSection
EndGlobal
